
Microsoft Visual Studio Solution File, Format Version 12.00
# Visual Studio Version 17
VisualStudioVersion = 17.8.34330.188
MinimumVisualStudioVersion = 10.0.40219.1
Project("{9A19103F-16F7-4668-BE54-9A1E7A4F7556}") = "BlazorApp1", "BlazorApp1\BlazorApp1.csproj", "{4058CFA6-5FF2-4E49-AC3C-A182858F0FEF}"
EndProject
Global
	GlobalSection(SolutionConfigurationPlatforms) = preSolution
		Debug|Any CPU = Debug|Any CPU
		Release|Any CPU = Release|Any CPU
	EndGlobalSection
	GlobalSection(ProjectConfigurationPlatforms) = postSolution
		{4058CFA6-5FF2-4E49-AC3C-A182858F0FEF}.Debug|Any CPU.ActiveCfg = Debug|Any CPU
		{4058CFA6-5FF2-4E49-AC3C-A182858F0FEF}.Debug|Any CPU.Build.0 = Debug|Any CPU
		{4058CFA6-5FF2-4E49-AC3C-A182858F0FEF}.Release|Any CPU.ActiveCfg = Release|Any CPU
		{4058CFA6-5FF2-4E49-AC3C-A182858F0FEF}.Release|Any CPU.Build.0 = Release|Any CPU
	EndGlobalSection
	GlobalSection(SolutionProperties) = preSolution
		HideSolutionNode = FALSE
	EndGlobalSection
	GlobalSection(ExtensibilityGlobals) = postSolution
		SolutionGuid = {5C75CCE0-10F1-4294-A6E3-518C95007B45}
	EndGlobalSection
EndGlobal
